// !$*UTF8*$!
{
	archiveVersion = 1;
	classes = {
	};
	objectVersion = 77;
	objects = {

/* Begin PBXContainerItemProxy section */
		6F0F51A52F0FDEFF008E795D /* PBXContainerItemProxy */ = {
			isa = PBXContainerItemProxy;
			containerPortal = 6F0F518F2F0FDEFE008E795D /* Project object */;
			proxyType = 1;
			remoteGlobalIDString = 6F0F51962F0FDEFE008E795D;
			remoteInfo = DebuggingWorkshop;
		};
		6F0F51AF2F0FDEFF008E795D /* PBXContainerItemProxy */ = {
			isa = PBXContainerItemProxy;
			containerPortal = 6F0F518F2F0FDEFE008E795D /* Project object */;
			proxyType = 1;
			remoteGlobalIDString = 6F0F51962F0FDEFE008E795D;
			remoteInfo = DebuggingWorkshop;
		};
/* End PBXContainerItemProxy section */

/* Begin PBXFileReference section */
		6F0F51972F0FDEFE008E795D /* DebuggingWorkshop.app */ = {isa = PBXFileReference; explicitFileType = wrapper.application; includeInIndex = 0; path = DebuggingWorkshop.app; sourceTree = BUILT_PRODUCTS_DIR; };
		6F0F51A42F0FDEFF008E795D /* DebuggingWorkshopTests.xctest */ = {isa = PBXFileReference; explicitFileType = wrapper.cfbundle; includeInIndex = 0; path = DebuggingWorkshopTests.xctest; sourceTree = BUILT_PRODUCTS_DIR; };
		6F0F51AE2F0FDEFF008E795D /* DebuggingWorkshopUITests.xctest */ = {isa = PBXFileReference; explicitFileType = wrapper.cfbundle; includeInIndex = 0; path = DebuggingWorkshopUITests.xctest; sourceTree = BUILT_PRODUCTS_DIR; };
/* End PBXFileReference section */

/* Begin PBXFileSystemSynchronizedRootGroup section */
		6F0F51992F0FDEFE008E795D /* DebuggingWorkshop */ = {
			isa = PBXFileSystemSynchronizedRootGroup;
			path = DebuggingWorkshop;
			sourceTree = "<group>";
		};
		6F0F51A72F0FDEFF008E795D /* DebuggingWorkshopTests */ = {
			isa = PBXFileSystemSynchronizedRootGroup;
			path = DebuggingWorkshopTests;
			sourceTree = "<group>";
		};
		6F0F51B12F0FDEFF008E795D /* DebuggingWorkshopUITests */ = {
			isa = PBXFileSystemSynchronizedRootGroup;
			path = DebuggingWorkshopUITests;
			sourceTree = "<group>";
		};
/* End PBXFileSystemSynchronizedRootGroup section */

/* Begin PBXFrameworksBuildPhase section */
		6F0F51942F0FDEFE008E795D /* Frameworks */ = {
			isa = PBXFrameworksBuildPhase;
			buildActionMask = 2147483647;
			files = (
			);
			runOnlyForDeploymentPostprocessing = 0;
		};
		6F0F51A12F0FDEFF008E795D /* Frameworks */ = {
			isa = PBXFrameworksBuildPhase;
			buildActionMask = 2147483647;
			files = (
			);
			runOnlyForDeploymentPostprocessing = 0;
		};
		6F0F51AB2F0FDEFF008E795D /* Frameworks */ = {
			isa = PBXFrameworksBuildPhase;
			buildActionMask = 2147483647;
			files = (
			);
			runOnlyForDeploymentPostprocessing = 0;
		};
/* End PBXFrameworksBuildPhase section */

/* Begin PBXGroup section */
		6F0F518E2F0FDEFE008E795D = {
			isa = PBXGroup;
			children = (
				6F0F51992F0FDEFE008E795D /* DebuggingWorkshop */,
				6F0F51A72F0FDEFF008E795D /* DebuggingWorkshopTests */,
				6F0F51B12F0FDEFF008E795D /* DebuggingWorkshopUITests */,
				6F0F51982F0FDEFE008E795D /* Products */,
			);
			sourceTree = "<group>";
		};
		6F0F51982F0FDEFE008E795D /* Products */ = {
			isa = PBXGroup;
			children = (
				6F0F51972F0FDEFE008E795D /* DebuggingWorkshop.app */,
				6F0F51A42F0FDEFF008E795D /* DebuggingWorkshopTests.xctest */,
				6F0F51AE2F0FDEFF008E795D /* DebuggingWorkshopUITests.xctest */,
			);
			name = Products;
			sourceTree = "<group>";
		};
/* End PBXGroup section */

/* Begin PBXNativeTarget section */
		6F0F51962F0FDEFE008E795D /* DebuggingWorkshop */ = {
			isa = PBXNativeTarget;
			buildConfigurationList = 6F0F51B82F0FDEFF008E795D /* Build configuration list for PBXNativeTarget "DebuggingWorkshop" */;
			buildPhases = (
				6F0F51932F0FDEFE008E795D /* Sources */,
				6F0F51942F0FDEFE008E795D /* Frameworks */,
				6F0F51952F0FDEFE008E795D /* Resources */,
			);
			buildRules = (
			);
			dependencies = (
			);
			fileSystemSynchronizedGroups = (
				6F0F51992F0FDEFE008E795D /* DebuggingWorkshop */,
			);
			name = DebuggingWorkshop;
			packageProductDependencies = (
			);
			productName = DebuggingWorkshop;
			productReference = 6F0F51972F0FDEFE008E795D /* DebuggingWorkshop.app */;
			productType = "com.apple.product-type.application";
		};
		6F0F51A32F0FDEFF008E795D /* DebuggingWorkshopTests */ = {
			isa = PBXNativeTarget;
			buildConfigurationList = 6F0F51BB2F0FDEFF008E795D /* Build configuration list for PBXNativeTarget "DebuggingWorkshopTests" */;
			buildPhases = (
				6F0F51A02F0FDEFF008E795D /* Sources */,
				6F0F51A12F0FDEFF008E795D /* Frameworks */,
				6F0F51A22F0FDEFF008E795D /* Resources */,
			);
			buildRules = (
			);
			dependencies = (
				6F0F51A62F0FDEFF008E795D /* PBXTargetDependency */,
			);
			fileSystemSynchronizedGroups = (
				6F0F51A72F0FDEFF008E795D /* DebuggingWorkshopTests */,
			);
			name = DebuggingWorkshopTests;
			packageProductDependencies = (
			);
			productName = DebuggingWorkshopTests;
			productReference = 6F0F51A42F0FDEFF008E795D /* DebuggingWorkshopTests.xctest */;
			productType = "com.apple.product-type.bundle.unit-test";
		};
		6F0F51AD2F0FDEFF008E795D /* DebuggingWorkshopUITests */ = {
			isa = PBXNativeTarget;
			buildConfigurationList = 6F0F51BE2F0FDEFF008E795D /* Build configuration list for PBXNativeTarget "DebuggingWorkshopUITests" */;
			buildPhases = (
				6F0F51AA2F0FDEFF008E795D /* Sources */,
				6F0F51AB2F0FDEFF008E795D /* Frameworks */,
				6F0F51AC2F0FDEFF008E795D /* Resources */,
			);
			buildRules = (
			);
			dependencies = (
				6F0F51B02F0FDEFF008E795D /* PBXTargetDependency */,
			);
			fileSystemSynchronizedGroups = (
				6F0F51B12F0FDEFF008E795D /* DebuggingWorkshopUITests */,
			);
			name = DebuggingWorkshopUITests;
			packageProductDependencies = (
			);
			productName = DebuggingWorkshopUITests;
			productReference = 6F0F51AE2F0FDEFF008E795D /* DebuggingWorkshopUITests.xctest */;
			productType = "com.apple.product-type.bundle.ui-testing";
		};
/* End PBXNativeTarget section */

/* Begin PBXProject section */
		6F0F518F2F0FDEFE008E795D /* Project object */ = {
			isa = PBXProject;
			attributes = {
				BuildIndependentTargetsInParallel = 1;
				LastSwiftUpdateCheck = 2600;
				LastUpgradeCheck = 2600;
				TargetAttributes = {
					6F0F51962F0FDEFE008E795D = {
						CreatedOnToolsVersion = 26.0.1;
					};
					6F0F51A32F0FDEFF008E795D = {
						CreatedOnToolsVersion = 26.0.1;
						TestTargetID = 6F0F51962F0FDEFE008E795D;
					};
					6F0F51AD2F0FDEFF008E795D = {
						CreatedOnToolsVersion = 26.0.1;
						TestTargetID = 6F0F51962F0FDEFE008E795D;
					};
				};
			};
			buildConfigurationList = 6F0F51922F0FDEFE008E795D /* Build configuration list for PBXProject "DebuggingWorkshop" */;
			developmentRegion = en;
			hasScannedForEncodings = 0;
			knownRegions = (
				en,
				Base,
			);
			mainGroup = 6F0F518E2F0FDEFE008E795D;
			minimizedProjectReferenceProxies = 1;
			preferredProjectObjectVersion = 77;
			productRefGroup = 6F0F51982F0FDEFE008E795D /* Products */;
			projectDirPath = "";
			projectRoot = "";
			targets = (
				6F0F51962F0FDEFE008E795D /* DebuggingWorkshop */,
				6F0F51A32F0FDEFF008E795D /* DebuggingWorkshopTests */,
				6F0F51AD2F0FDEFF008E795D /* DebuggingWorkshopUITests */,
			);
		};
/* End PBXProject section */

/* Begin PBXResourcesBuildPhase section */
		6F0F51952F0FDEFE008E795D /* Resources */ = {
			isa = PBXResourcesBuildPhase;
			buildActionMask = 2147483647;
			files = (
			);
			runOnlyForDeploymentPostprocessing = 0;
		};
		6F0F51A22F0FDEFF008E795D /* Resources */ = {
			isa = PBXResourcesBuildPhase;
			buildActionMask = 2147483647;
			files = (
			);
			runOnlyForDeploymentPostprocessing = 0;
		};
		6F0F51AC2F0FDEFF008E795D /* Resources */ = {
			isa = PBXResourcesBuildPhase;
			buildActionMask = 2147483647;
			files = (
			);
			runOnlyForDeploymentPostprocessing = 0;
		};
/* End PBXResourcesBuildPhase section */

/* Begin PBXSourcesBuildPhase section */
		6F0F51932F0FDEFE008E795D /* Sources */ = {
			isa = PBXSourcesBuildPhase;
			buildActionMask = 2147483647;
			files = (
			);
			runOnlyForDeploymentPostprocessing = 0;
		};
		6F0F51A02F0FDEFF008E795D /* Sources */ = {
			isa = PBXSourcesBuildPhase;
			buildActionMask = 2147483647;
			files = (
			);
			runOnlyForDeploymentPostprocessing = 0;
		};
		6F0F51AA2F0FDEFF008E795D /* Sources */ = {
			isa = PBXSourcesBuildPhase;
			buildActionMask = 2147483647;
			files = (
			);
			runOnlyForDeploymentPostprocessing = 0;
		};
/* End PBXSourcesBuildPhase section */

/* Begin PBXTargetDependency section */
		6F0F51A62F0FDEFF008E795D /* PBXTargetDependency */ = {
			isa = PBXTargetDependency;
			target = 6F0F51962F0FDEFE008E795D /* DebuggingWorkshop */;
			targetProxy = 6F0F51A52F0FDEFF008E795D /* PBXContainerItemProxy */;
		};
		6F0F51B02F0FDEFF008E795D /* PBXTargetDependency */ = {
			isa = PBXTargetDependency;
			target = 6F0F51962F0FDEFE008E795D /* DebuggingWorkshop */;
			targetProxy = 6F0F51AF2F0FDEFF008E795D /* PBXContainerItemProxy */;
		};
/* End PBXTargetDependency section */

/* Begin XCBuildConfiguration section */
		6F0F51B62F0FDEFF008E795D /* Debug */ = {
			isa = XCBuildConfiguration;
			buildSettings = {
				ALWAYS_SEARCH_USER_PATHS = NO;
				ASSETCATALOG_COMPILER_GENERATE_SWIFT_ASSET_SYMBOL_EXTENSIONS = YES;
				CLANG_ANALYZER_NONNULL = YES;
				CLANG_ANALYZER_NUMBER_OBJECT_CONVERSION = YES_AGGRESSIVE;
				CLANG_CXX_LANGUAGE_STANDARD = "gnu++20";
				CLANG_ENABLE_MODULES = YES;
				CLANG_ENABLE_OBJC_ARC = YES;
				CLANG_ENABLE_OBJC_WEAK = YES;
				CLANG_WARN_BLOCK_CAPTURE_AUTORELEASING = YES;
				CLANG_WARN_BOOL_CONVERSION = YES;
				CLANG_WARN_COMMA = YES;
				CLANG_WARN_CONSTANT_CONVERSION = YES;
				CLANG_WARN_DEPRECATED_OBJC_IMPLEMENTATIONS = YES;
				CLANG_WARN_DIRECT_OBJC_ISA_USAGE = YES_ERROR;
				CLANG_WARN_DOCUMENTATION_COMMENTS = YES;
				CLANG_WARN_EMPTY_BODY = YES;
				CLANG_WARN_ENUM_CONVERSION = YES;
				CLANG_WARN_INFINITE_RECURSION = YES;
				CLANG_WARN_INT_CONVERSION = YES;
				CLANG_WARN_NON_LITERAL_NULL_CONVERSION = YES;
				CLANG_WARN_OBJC_IMPLICIT_RETAIN_SELF = YES;
				CLANG_WARN_OBJC_LITERAL_CONVERSION = YES;
				CLANG_WARN_OBJC_ROOT_CLASS = YES_ERROR;
				CLANG_WARN_QUOTED_INCLUDE_IN_FRAMEWORK_HEADER = YES;
				CLANG_WARN_RANGE_LOOP_ANALYSIS = YES;
				CLANG_WARN_STRICT_PROTOTYPES = YES;
				CLANG_WARN_SUSPICIOUS_MOVE = YES;
				CLANG_WARN_UNGUARDED_AVAILABILITY = YES_AGGRESSIVE;
				CLANG_WARN_UNREACHABLE_CODE = YES;
				CLANG_WARN__DUPLICATE_METHOD_MATCH = YES;
				COPY_PHASE_STRIP = NO;
				DEBUG_INFORMATION_FORMAT = dwarf;
				DEVELOPMENT_TEAM = V8R7AQUJ49;
				ENABLE_STRICT_OBJC_MSGSEND = YES;
				ENABLE_TESTABILITY = YES;
				ENABLE_USER_SCRIPT_SANDBOXING = YES;
				GCC_C_LANGUAGE_STANDARD = gnu17;
				GCC_DYNAMIC_NO_PIC = NO;
				GCC_NO_COMMON_BLOCKS = YES;
				GCC_OPTIMIZATION_LEVEL = 0;
				GCC_PREPROCESSOR_DEFINITIONS = (
					"DEBUG=1",
					"$(inherited)",
				);
				GCC_WARN_64_TO_32_BIT_CONVERSION = YES;
				GCC_WARN_ABOUT_RETURN_TYPE = YES_ERROR;
				GCC_WARN_UNDECLARED_SELECTOR = YES;
				GCC_WARN_UNINITIALIZED_AUTOS = YES_AGGRESSIVE;
				GCC_WARN_UNUSED_FUNCTION = YES;
				GCC_WARN_UNUSED_VARIABLE = YES;
				IPHONEOS_DEPLOYMENT_TARGET = 26.0;
				LOCALIZATION_PREFERS_STRING_CATALOGS = YES;
				MTL_ENABLE_DEBUG_INFO = INCLUDE_SOURCE;
				MTL_FAST_MATH = YES;
				ONLY_ACTIVE_ARCH = YES;
				SDKROOT = iphoneos;
				SWIFT_ACTIVE_COMPILATION_CONDITIONS = "DEBUG $(inherited)";
				SWIFT_OPTIMIZATION_LEVEL = "-Onone";
			};
			name = Debug;
		};
		6F0F51B72F0FDEFF008E795D /* Release */ = {
			isa = XCBuildConfiguration;
			buildSettings = {
				ALWAYS_SEARCH_USER_PATHS = NO;
				ASSETCATALOG_COMPILER_GENERATE_SWIFT_ASSET_SYMBOL_EXTENSIONS = YES;
				CLANG_ANALYZER_NONNULL = YES;
				CLANG_ANALYZER_NUMBER_OBJECT_CONVERSION = YES_AGGRESSIVE;
				CLANG_CXX_LANGUAGE_STANDARD = "gnu++20";
				CLANG_ENABLE_MODULES = YES;
				CLANG_ENABLE_OBJC_ARC = YES;
				CLANG_ENABLE_OBJC_WEAK = YES;
				CLANG_WARN_BLOCK_CAPTURE_AUTORELEASING = YES;
				CLANG_WARN_BOOL_CONVERSION = YES;
				CLANG_WARN_COMMA = YES;
				CLANG_WARN_CONSTANT_CONVERSION = YES;
				CLANG_WARN_DEPRECATED_OBJC_IMPLEMENTATIONS = YES;
				CLANG_WARN_DIRECT_OBJC_ISA_USAGE = YES_ERROR;
				CLANG_WARN_DOCUMENTATION_COMMENTS = YES;
				CLANG_WARN_EMPTY_BODY = YES;
				CLANG_WARN_ENUM_CONVERSION = YES;
				CLANG_WARN_INFINITE_RECURSION = YES;
				CLANG_WARN_INT_CONVERSION = YES;
				CLANG_WARN_NON_LITERAL_NULL_CONVERSION = YES;
				CLANG_WARN_OBJC_IMPLICIT_RETAIN_SELF = YES;
				CLANG_WARN_OBJC_LITERAL_CONVERSION = YES;
				CLANG_WARN_OBJC_ROOT_CLASS = YES_ERROR;
				CLANG_WARN_QUOTED_INCLUDE_IN_FRAMEWORK_HEADER = YES;
				CLANG_WARN_RANGE_LOOP_ANALYSIS = YES;
				CLANG_WARN_STRICT_PROTOTYPES = YES;
				CLANG_WARN_SUSPICIOUS_MOVE = YES;
				CLANG_WARN_UNGUARDED_AVAILABILITY = YES_AGGRESSIVE;
				CLANG_WARN_UNREACHABLE_CODE = YES;
				CLANG_WARN__DUPLICATE_METHOD_MATCH = YES;
				COPY_PHASE_STRIP = NO;
				DEBUG_INFORMATION_FORMAT = "dwarf-with-dsym";
				DEVELOPMENT_TEAM = V8R7AQUJ49;
				ENABLE_NS_ASSERTIONS = NO;
				ENABLE_STRICT_OBJC_MSGSEND = YES;
				ENABLE_USER_SCRIPT_SANDBOXING = YES;
				GCC_C_LANGUAGE_STANDARD = gnu17;
				GCC_NO_COMMON_BLOCKS = YES;
				GCC_WARN_64_TO_32_BIT_CONVERSION = YES;
				GCC_WARN_ABOUT_RETURN_TYPE = YES_ERROR;
				GCC_WARN_UNDECLARED_SELECTOR = YES;
				GCC_WARN_UNINITIALIZED_AUTOS = YES_AGGRESSIVE;
				GCC_WARN_UNUSED_FUNCTION = YES;
				GCC_WARN_UNUSED_VARIABLE = YES;
				IPHONEOS_DEPLOYMENT_TARGET = 26.0;
				LOCALIZATION_PREFERS_STRING_CATALOGS = YES;
				MTL_ENABLE_DEBUG_INFO = NO;
				MTL_FAST_MATH = YES;
				SDKROOT = iphoneos;
				SWIFT_COMPILATION_MODE = wholemodule;
				VALIDATE_PRODUCT = YES;
			};
			name = Release;
		};
		6F0F51B92F0FDEFF008E795D /* Debug */ = {
			isa = XCBuildConfiguration;
			buildSettings = {
				ASSETCATALOG_COMPILER_APPICON_NAME = AppIcon;
				ASSETCATALOG_COMPILER_GLOBAL_ACCENT_COLOR_NAME = AccentColor;
				CODE_SIGN_STYLE = Automatic;
				CURRENT_PROJECT_VERSION = 1;
				DEVELOPMENT_TEAM = V8R7AQUJ49;
				ENABLE_PREVIEWS = YES;
				GENERATE_INFOPLIST_FILE = YES;
				INFOPLIST_KEY_UIApplicationSceneManifest_Generation = YES;
				INFOPLIST_KEY_UIApplicationSupportsIndirectInputEvents = YES;
				INFOPLIST_KEY_UILaunchScreen_Generation = YES;
				INFOPLIST_KEY_UISupportedInterfaceOrientations_iPad = "UIInterfaceOrientationPortrait UIInterfaceOrientationPortraitUpsideDown UIInterfaceOrientationLandscapeLeft UIInterfaceOrientationLandscapeRight";
				INFOPLIST_KEY_UISupportedInterfaceOrientations_iPhone = "UIInterfaceOrientationPortrait UIInterfaceOrientationLandscapeLeft UIInterfaceOrientationLandscapeRight";
				LD_RUNPATH_SEARCH_PATHS = (
					"$(inherited)",
					"@executable_path/Frameworks",
				);
				MARKETING_VERSION = 1.0;
				PRODUCT_BUNDLE_IDENTIFIER = com.yomna.DebuggingWorkshop;
				PRODUCT_NAME = "$(TARGET_NAME)";
				STRING_CATALOG_GENERATE_SYMBOLS = YES;
				SWIFT_APPROACHABLE_CONCURRENCY = YES;
				SWIFT_DEFAULT_ACTOR_ISOLATION = MainActor;
				SWIFT_EMIT_LOC_STRINGS = YES;
				SWIFT_UPCOMING_FEATURE_MEMBER_IMPORT_VISIBILITY = YES;
				SWIFT_VERSION = 5.0;
				TARGETED_DEVICE_FAMILY = "1,2";
			};
			name = Debug;
		};
		6F0F51BA2F0FDEFF008E795D /* Release */ = {
			isa = XCBuildConfiguration;
			buildSettings = {
				ASSETCATALOG_COMPILER_APPICON_NAME = AppIcon;
				ASSETCATALOG_COMPILER_GLOBAL_ACCENT_COLOR_NAME = AccentColor;
				CODE_SIGN_STYLE = Automatic;
				CURRENT_PROJECT_VERSION = 1;
				DEVELOPMENT_TEAM = V8R7AQUJ49;
				ENABLE_PREVIEWS = YES;
				GENERATE_INFOPLIST_FILE = YES;
				INFOPLIST_KEY_UIApplicationSceneManifest_Generation = YES;
				INFOPLIST_KEY_UIApplicationSupportsIndirectInputEvents = YES;
				INFOPLIST_KEY_UILaunchScreen_Generation = YES;
				INFOPLIST_KEY_UISupportedInterfaceOrientations_iPad = "UIInterfaceOrientationPortrait UIInterfaceOrientationPortraitUpsideDown UIInterfaceOrientationLandscapeLeft UIInterfaceOrientationLandscapeRight";
				INFOPLIST_KEY_UISupportedInterfaceOrientations_iPhone = "UIInterfaceOrientationPortrait UIInterfaceOrientationLandscapeLeft UIInterfaceOrientationLandscapeRight";
				LD_RUNPATH_SEARCH_PATHS = (
					"$(inherited)",
					"@executable_path/Frameworks",
				);
				MARKETING_VERSION = 1.0;
				PRODUCT_BUNDLE_IDENTIFIER = com.yomna.DebuggingWorkshop;
				PRODUCT_NAME = "$(TARGET_NAME)";
				STRING_CATALOG_GENERATE_SYMBOLS = YES;
				SWIFT_APPROACHABLE_CONCURRENCY = YES;
				SWIFT_DEFAULT_ACTOR_ISOLATION = MainActor;
				SWIFT_EMIT_LOC_STRINGS = YES;
				SWIFT_UPCOMING_FEATURE_MEMBER_IMPORT_VISIBILITY = YES;
				SWIFT_VERSION = 5.0;
				TARGETED_DEVICE_FAMILY = "1,2";
			};
			name = Release;
		};
		6F0F51BC2F0FDEFF008E795D /* Debug */ = {
			isa = XCBuildConfiguration;
			buildSettings = {
				BUNDLE_LOADER = "$(TEST_HOST)";
				CODE_SIGN_STYLE = Automatic;
				CURRENT_PROJECT_VERSION = 1;
				DEVELOPMENT_TEAM = V8R7AQUJ49;
				GENERATE_INFOPLIST_FILE = YES;
				IPHONEOS_DEPLOYMENT_TARGET = 26.0;
				MARKETING_VERSION = 1.0;
				PRODUCT_BUNDLE_IDENTIFIER = com.yomna.DebuggingWorkshopTests;
				PRODUCT_NAME = "$(TARGET_NAME)";
				STRING_CATALOG_GENERATE_SYMBOLS = NO;
				SWIFT_APPROACHABLE_CONCURRENCY = YES;
				SWIFT_EMIT_LOC_STRINGS = NO;
				SWIFT_UPCOMING_FEATURE_MEMBER_IMPORT_VISIBILITY = YES;
				SWIFT_VERSION = 5.0;
				TARGETED_DEVICE_FAMILY = "1,2";
				TEST_HOST = "$(BUILT_PRODUCTS_DIR)/DebuggingWorkshop.app/$(BUNDLE_EXECUTABLE_FOLDER_PATH)/DebuggingWorkshop";
			};
			name = Debug;
		};
		6F0F51BD2F0FDEFF008E795D /* Release */ = {
			isa = XCBuildConfiguration;
			buildSettings = {
				BUNDLE_LOADER = "$(TEST_HOST)";
				CODE_SIGN_STYLE = Automatic;
				CURRENT_PROJECT_VERSION = 1;
				DEVELOPMENT_TEAM = V8R7AQUJ49;
				GENERATE_INFOPLIST_FILE = YES;
				IPHONEOS_DEPLOYMENT_TARGET = 26.0;
				MARKETING_VERSION = 1.0;
				PRODUCT_BUNDLE_IDENTIFIER = com.yomna.DebuggingWorkshopTests;
				PRODUCT_NAME = "$(TARGET_NAME)";
				STRING_CATALOG_GENERATE_SYMBOLS = NO;
				SWIFT_APPROACHABLE_CONCURRENCY = YES;
				SWIFT_EMIT_LOC_STRINGS = NO;
				SWIFT_UPCOMING_FEATURE_MEMBER_IMPORT_VISIBILITY = YES;
				SWIFT_VERSION = 5.0;
				TARGETED_DEVICE_FAMILY = "1,2";
				TEST_HOST = "$(BUILT_PRODUCTS_DIR)/DebuggingWorkshop.app/$(BUNDLE_EXECUTABLE_FOLDER_PATH)/DebuggingWorkshop";
			};
			name = Release;
		};
		6F0F51BF2F0FDEFF008E795D /* Debug */ = {
			isa = XCBuildConfiguration;
			buildSettings = {
				CODE_SIGN_STYLE = Automatic;
				CURRENT_PROJECT_VERSION = 1;
				DEVELOPMENT_TEAM = V8R7AQUJ49;
				GENERATE_INFOPLIST_FILE = YES;
				MARKETING_VERSION = 1.0;
				PRODUCT_BUNDLE_IDENTIFIER = com.yomna.DebuggingWorkshopUITests;
				PRODUCT_NAME = "$(TARGET_NAME)";
				STRING_CATALOG_GENERATE_SYMBOLS = NO;
				SWIFT_APPROACHABLE_CONCURRENCY = YES;
				SWIFT_EMIT_LOC_STRINGS = NO;
				SWIFT_UPCOMING_FEATURE_MEMBER_IMPORT_VISIBILITY = YES;
				SWIFT_VERSION = 5.0;
				TARGETED_DEVICE_FAMILY = "1,2";
				TEST_TARGET_NAME = DebuggingWorkshop;
			};
			name = Debug;
		};
		6F0F51C02F0FDEFF008E795D /* Release */ = {
			isa = XCBuildConfiguration;
			buildSettings = {
				CODE_SIGN_STYLE = Automatic;
				CURRENT_PROJECT_VERSION = 1;
				DEVELOPMENT_TEAM = V8R7AQUJ49;
				GENERATE_INFOPLIST_FILE = YES;
				MARKETING_VERSION = 1.0;
				PRODUCT_BUNDLE_IDENTIFIER = com.yomna.DebuggingWorkshopUITests;
				PRODUCT_NAME = "$(TARGET_NAME)";
				STRING_CATALOG_GENERATE_SYMBOLS = NO;
				SWIFT_APPROACHABLE_CONCURRENCY = YES;
				SWIFT_EMIT_LOC_STRINGS = NO;
				SWIFT_UPCOMING_FEATURE_MEMBER_IMPORT_VISIBILITY = YES;
				SWIFT_VERSION = 5.0;
				TARGETED_DEVICE_FAMILY = "1,2";
				TEST_TARGET_NAME = DebuggingWorkshop;
			};
			name = Release;
		};
/* End XCBuildConfiguration section */

/* Begin XCConfigurationList section */
		6F0F51922F0FDEFE008E795D /* Build configuration list for PBXProject "DebuggingWorkshop" */ = {
			isa = XCConfigurationList;
			buildConfigurations = (
				6F0F51B62F0FDEFF008E795D /* Debug */,
				6F0F51B72F0FDEFF008E795D /* Release */,
			);
			defaultConfigurationIsVisible = 0;
			defaultConfigurationName = Release;
		};
		6F0F51B82F0FDEFF008E795D /* Build configuration list for PBXNativeTarget "DebuggingWorkshop" */ = {
			isa = XCConfigurationList;
			buildConfigurations = (
				6F0F51B92F0FDEFF008E795D /* Debug */,
				6F0F51BA2F0FDEFF008E795D /* Release */,
			);
			defaultConfigurationIsVisible = 0;
			defaultConfigurationName = Release;
		};
		6F0F51BB2F0FDEFF008E795D /* Build configuration list for PBXNativeTarget "DebuggingWorkshopTests" */ = {
			isa = XCConfigurationList;
			buildConfigurations = (
				6F0F51BC2F0FDEFF008E795D /* Debug */,
				6F0F51BD2F0FDEFF008E795D /* Release */,
			);
			defaultConfigurationIsVisible = 0;
			defaultConfigurationName = Release;
		};
		6F0F51BE2F0FDEFF008E795D /* Build configuration list for PBXNativeTarget "DebuggingWorkshopUITests" */ = {
			isa = XCConfigurationList;
			buildConfigurations = (
				6F0F51BF2F0FDEFF008E795D /* Debug */,
				6F0F51C02F0FDEFF008E795D /* Release */,
			);
			defaultConfigurationIsVisible = 0;
			defaultConfigurationName = Release;
		};
/* End XCConfigurationList section */
	};
	rootObject = 6F0F518F2F0FDEFE008E795D /* Project object */;
}
